
Microsoft Visual Studio Solution File, Format Version 12.00
# Visual Studio 15
Project("{FAE04EC0-301F-11D3-BF4B-00C04F79EFBC}") = "Assembly-CSharp", "Assembly-CSharp.csproj", "{530104CB-988D-4E55-2729-4507F631D4A6}"
EndProject
Project("{FAE04EC0-301F-11D3-BF4B-00C04F79EFBC}") = "Oculus.VR", "Oculus.VR.csproj", "{85164EA9-869F-95F4-12F8-91FC40D93467}"
EndProject
Project("{FAE04EC0-301F-11D3-BF4B-00C04F79EFBC}") = "Assembly-CSharp-Editor", "Assembly-CSharp-Editor.csproj", "{9C0AB1FB-66FA-47D8-57EF-3466FF413EFE}"
EndProject
Project("{FAE04EC0-301F-11D3-BF4B-00C04F79EFBC}") = "Oculus.VR.Scripts.Editor", "Oculus.VR.Scripts.Editor.csproj", "{083D4E21-6B3F-EDD7-D2DD-44DB039F140A}"
EndProject
Project("{FAE04EC0-301F-11D3-BF4B-00C04F79EFBC}") = "Oculus.VR.Editor", "Oculus.VR.Editor.csproj", "{6A0D93FA-0504-6802-716F-D020C9F9ECF1}"
EndProject
Global
	GlobalSection(SolutionConfigurationPlatforms) = preSolution
		Debug|Any CPU = Debug|Any CPU
		Release|Any CPU = Release|Any CPU
	EndGlobalSection
	GlobalSection(ProjectConfigurationPlatforms) = postSolution
		{530104CB-988D-4E55-2729-4507F631D4A6}.Debug|Any CPU.ActiveCfg = Debug|Any CPU
		{530104CB-988D-4E55-2729-4507F631D4A6}.Debug|Any CPU.Build.0 = Debug|Any CPU
		{530104CB-988D-4E55-2729-4507F631D4A6}.Release|Any CPU.ActiveCfg = Release|Any CPU
		{530104CB-988D-4E55-2729-4507F631D4A6}.Release|Any CPU.Build.0 = Release|Any CPU
		{85164EA9-869F-95F4-12F8-91FC40D93467}.Debug|Any CPU.ActiveCfg = Debug|Any CPU
		{85164EA9-869F-95F4-12F8-91FC40D93467}.Debug|Any CPU.Build.0 = Debug|Any CPU
		{85164EA9-869F-95F4-12F8-91FC40D93467}.Release|Any CPU.ActiveCfg = Release|Any CPU
		{85164EA9-869F-95F4-12F8-91FC40D93467}.Release|Any CPU.Build.0 = Release|Any CPU
		{9C0AB1FB-66FA-47D8-57EF-3466FF413EFE}.Debug|Any CPU.ActiveCfg = Debug|Any CPU
		{9C0AB1FB-66FA-47D8-57EF-3466FF413EFE}.Debug|Any CPU.Build.0 = Debug|Any CPU
		{9C0AB1FB-66FA-47D8-57EF-3466FF413EFE}.Release|Any CPU.ActiveCfg = Release|Any CPU
		{9C0AB1FB-66FA-47D8-57EF-3466FF413EFE}.Release|Any CPU.Build.0 = Release|Any CPU
		{083D4E21-6B3F-EDD7-D2DD-44DB039F140A}.Debug|Any CPU.ActiveCfg = Debug|Any CPU
		{083D4E21-6B3F-EDD7-D2DD-44DB039F140A}.Debug|Any CPU.Build.0 = Debug|Any CPU
		{083D4E21-6B3F-EDD7-D2DD-44DB039F140A}.Release|Any CPU.ActiveCfg = Release|Any CPU
		{083D4E21-6B3F-EDD7-D2DD-44DB039F140A}.Release|Any CPU.Build.0 = Release|Any CPU
		{6A0D93FA-0504-6802-716F-D020C9F9ECF1}.Debug|Any CPU.ActiveCfg = Debug|Any CPU
		{6A0D93FA-0504-6802-716F-D020C9F9ECF1}.Debug|Any CPU.Build.0 = Debug|Any CPU
		{6A0D93FA-0504-6802-716F-D020C9F9ECF1}.Release|Any CPU.ActiveCfg = Release|Any CPU
		{6A0D93FA-0504-6802-716F-D020C9F9ECF1}.Release|Any CPU.Build.0 = Release|Any CPU
	EndGlobalSection
	GlobalSection(SolutionProperties) = preSolution
		HideSolutionNode = FALSE
	EndGlobalSection
EndGlobal
